
Microsoft Visual Studio Solution File, Format Version 12.00
# Visual Studio Version 17
VisualStudioVersion = 17.11.35303.130
MinimumVisualStudioVersion = 10.0.40219.1
Project("{FAE04EC0-301F-11D3-BF4B-00C04F79EFBC}") = "VijayA1PriceApp", "VijayA1PriceApp.csproj", "{09FB1B6C-F1FF-44E3-89A3-C6E492E77A58}"
EndProject
Global
	GlobalSection(SolutionConfigurationPlatforms) = preSolution
		Debug|Any CPU = Debug|Any CPU
		Release|Any CPU = Release|Any CPU
	EndGlobalSection
	GlobalSection(ProjectConfigurationPlatforms) = postSolution
		{09FB1B6C-F1FF-44E3-89A3-C6E492E77A58}.Debug|Any CPU.ActiveCfg = Debug|Any CPU
		{09FB1B6C-F1FF-44E3-89A3-C6E492E77A58}.Debug|Any CPU.Build.0 = Debug|Any CPU
		{09FB1B6C-F1FF-44E3-89A3-C6E492E77A58}.Release|Any CPU.ActiveCfg = Release|Any CPU
		{09FB1B6C-F1FF-44E3-89A3-C6E492E77A58}.Release|Any CPU.Build.0 = Release|Any CPU
	EndGlobalSection
	GlobalSection(SolutionProperties) = preSolution
		HideSolutionNode = FALSE
	EndGlobalSection
	GlobalSection(ExtensibilityGlobals) = postSolution
		SolutionGuid = {9E48DE5A-B387-4634-A9BC-BDAFB4A911A8}
	EndGlobalSection
EndGlobal
